
Microsoft Visual Studio Solution File, Format Version 12.00
# Visual Studio 15
VisualStudioVersion = 15.0.27004.2002
MinimumVisualStudioVersion = 10.0.40219.1
Project("{FAE04EC0-301F-11D3-BF4B-00C04F79EFBC}") = "DataStructureOld", "DataStructurePractice\DataStructureOld.csproj", "{8A7F0ED7-3645-430B-A2BA-0503BBF1B343}"
EndProject
Project("{FAE04EC0-301F-11D3-BF4B-00C04F79EFBC}") = "DataStructure", "DataStructure\DataStructure.csproj", "{4449F19A-C4B1-4EF8-83E0-6F671AB23153}"
EndProject
Project("{FAE04EC0-301F-11D3-BF4B-00C04F79EFBC}") = "DataStructure.NUnit", "DataStructure.NUnit\DataStructure.NUnit.csproj", "{ED9E84CB-8A7F-492E-9D59-6F975C6B5F2D}"
EndProject
Global
	GlobalSection(SolutionConfigurationPlatforms) = preSolution
		Debug|Any CPU = Debug|Any CPU
		Release|Any CPU = Release|Any CPU
	EndGlobalSection
	GlobalSection(ProjectConfigurationPlatforms) = postSolution
		{8A7F0ED7-3645-430B-A2BA-0503BBF1B343}.Debug|Any CPU.ActiveCfg = Debug|Any CPU
		{8A7F0ED7-3645-430B-A2BA-0503BBF1B343}.Debug|Any CPU.Build.0 = Debug|Any CPU
		{8A7F0ED7-3645-430B-A2BA-0503BBF1B343}.Release|Any CPU.ActiveCfg = Release|Any CPU
		{8A7F0ED7-3645-430B-A2BA-0503BBF1B343}.Release|Any CPU.Build.0 = Release|Any CPU
		{4449F19A-C4B1-4EF8-83E0-6F671AB23153}.Debug|Any CPU.ActiveCfg = Debug|Any CPU
		{4449F19A-C4B1-4EF8-83E0-6F671AB23153}.Debug|Any CPU.Build.0 = Debug|Any CPU
		{4449F19A-C4B1-4EF8-83E0-6F671AB23153}.Release|Any CPU.ActiveCfg = Release|Any CPU
		{4449F19A-C4B1-4EF8-83E0-6F671AB23153}.Release|Any CPU.Build.0 = Release|Any CPU
		{ED9E84CB-8A7F-492E-9D59-6F975C6B5F2D}.Debug|Any CPU.ActiveCfg = Debug|Any CPU
		{ED9E84CB-8A7F-492E-9D59-6F975C6B5F2D}.Debug|Any CPU.Build.0 = Debug|Any CPU
		{ED9E84CB-8A7F-492E-9D59-6F975C6B5F2D}.Release|Any CPU.ActiveCfg = Release|Any CPU
		{ED9E84CB-8A7F-492E-9D59-6F975C6B5F2D}.Release|Any CPU.Build.0 = Release|Any CPU
	EndGlobalSection
	GlobalSection(SolutionProperties) = preSolution
		HideSolutionNode = FALSE
	EndGlobalSection
	GlobalSection(ExtensibilityGlobals) = postSolution
		SolutionGuid = {BD67BB55-282F-4ACA-9678-8FB46062A37C}
	EndGlobalSection
	GlobalSection(MonoDevelopProperties) = preSolution
		Policies = $0
		$0.DotNetNamingPolicy = $1
		$1.DirectoryNamespaceAssociation = PrefixedHierarchical
		$0.VersionControlPolicy = $2
	EndGlobalSection
EndGlobal
